{
  "name": "query-router-express",
  "version": "1.2.0",
  "lockfileVersion": 1,
  "requires": true,
  "dependencies": {
    "http-error-prototype": {
      "version": "1.0.0",
      "resolved": "https://registry.npmjs.org/http-error-prototype/-/http-error-prototype-1.0.0.tgz",
      "integrity": "sha512-lmLYueSRUGvK+p6ZSph0QKaQWaAt+Rno2alK2//ZWlpnZ5C5KvklGkAGEzKugNt/B3ccf9wxpJ+XORxxKHMl5g=="
    }
  }
}
